// !$*UTF8*$!
{
	archiveVersion = 1;
	classes = {
	};
	objectVersion = 77;
	objects = {

/* Begin PBXContainerItemProxy section */
		8954B79E2CAB5C84004AAEC7 /* PBXContainerItemProxy */ = {
			isa = PBXContainerItemProxy;
			containerPortal = 8954B7852CAB5C83004AAEC7 /* Project object */;
			proxyType = 1;
			remoteGlobalIDString = 8954B78C2CAB5C83004AAEC7;
			remoteInfo = Menu;
		};
		8954B7A82CAB5C84004AAEC7 /* PBXContainerItemProxy */ = {
			isa = PBXContainerItemProxy;
			containerPortal = 8954B7852CAB5C83004AAEC7 /* Project object */;
			proxyType = 1;
			remoteGlobalIDString = 8954B78C2CAB5C83004AAEC7;
			remoteInfo = Menu;
		};
/* End PBXContainerItemProxy section */

/* Begin PBXFileReference section */
		8954B78D2CAB5C83004AAEC7 /* Menu.app */ = {isa = PBXFileReference; explicitFileType = wrapper.application; includeInIndex = 0; path = Menu.app; sourceTree = BUILT_PRODUCTS_DIR; };
		8954B79D2CAB5C84004AAEC7 /* MenuTests.xctest */ = {isa = PBXFileReference; explicitFileType = wrapper.cfbundle; includeInIndex = 0; path = MenuTests.xctest; sourceTree = BUILT_PRODUCTS_DIR; };
		8954B7A72CAB5C84004AAEC7 /* MenuUITests.xctest */ = {isa = PBXFileReference; explicitFileType = wrapper.cfbundle; includeInIndex = 0; path = MenuUITests.xctest; sourceTree = BUILT_PRODUCTS_DIR; };
/* End PBXFileReference section */

/* Begin PBXFileSystemSynchronizedRootGroup section */
		8954B78F2CAB5C83004AAEC7 /* Menu */ = {
			isa = PBXFileSystemSynchronizedRootGroup;
			path = Menu;
			sourceTree = "<group>";
		};
		8954B7A02CAB5C84004AAEC7 /* MenuTests */ = {
			isa = PBXFileSystemSynchronizedRootGroup;
			path = MenuTests;
			sourceTree = "<group>";
		};
		8954B7AA2CAB5C84004AAEC7 /* MenuUITests */ = {
			isa = PBXFileSystemSynchronizedRootGroup;
			path = MenuUITests;
			sourceTree = "<group>";
		};
/* End PBXFileSystemSynchronizedRootGroup section */

/* Begin PBXFrameworksBuildPhase section */
		8954B78A2CAB5C83004AAEC7 /* Frameworks */ = {
			isa = PBXFrameworksBuildPhase;
			buildActionMask = 2147483647;
			files = (
			);
			runOnlyForDeploymentPostprocessing = 0;
		};
		8954B79A2CAB5C84004AAEC7 /* Frameworks */ = {
			isa = PBXFrameworksBuildPhase;
			buildActionMask = 2147483647;
			files = (
			);
			runOnlyForDeploymentPostprocessing = 0;
		};
		8954B7A42CAB5C84004AAEC7 /* Frameworks */ = {
			isa = PBXFrameworksBuildPhase;
			buildActionMask = 2147483647;
			files = (
			);
			runOnlyForDeploymentPostprocessing = 0;
		};
/* End PBXFrameworksBuildPhase section */

/* Begin PBXGroup section */
		8954B7842CAB5C83004AAEC7 = {
			isa = PBXGroup;
			children = (
				8954B78F2CAB5C83004AAEC7 /* Menu */,
				8954B7A02CAB5C84004AAEC7 /* MenuTests */,
				8954B7AA2CAB5C84004AAEC7 /* MenuUITests */,
				8954B78E2CAB5C83004AAEC7 /* Products */,
			);
			sourceTree = "<group>";
		};
		8954B78E2CAB5C83004AAEC7 /* Products */ = {
			isa = PBXGroup;
			children = (
				8954B78D2CAB5C83004AAEC7 /* Menu.app */,
				8954B79D2CAB5C84004AAEC7 /* MenuTests.xctest */,
				8954B7A72CAB5C84004AAEC7 /* MenuUITests.xctest */,
			);
			name = Products;
			sourceTree = "<group>";
		};
/* End PBXGroup section */

/* Begin PBXNativeTarget section */
		8954B78C2CAB5C83004AAEC7 /* Menu */ = {
			isa = PBXNativeTarget;
			buildConfigurationList = 8954B7B12CAB5C84004AAEC7 /* Build configuration list for PBXNativeTarget "Menu" */;
			buildPhases = (
				8954B7892CAB5C83004AAEC7 /* Sources */,
				8954B78A2CAB5C83004AAEC7 /* Frameworks */,
				8954B78B2CAB5C83004AAEC7 /* Resources */,
			);
			buildRules = (
			);
			dependencies = (
			);
			fileSystemSynchronizedGroups = (
				8954B78F2CAB5C83004AAEC7 /* Menu */,
			);
			name = Menu;
			packageProductDependencies = (
			);
			productName = Menu;
			productReference = 8954B78D2CAB5C83004AAEC7 /* Menu.app */;
			productType = "com.apple.product-type.application";
		};
		8954B79C2CAB5C84004AAEC7 /* MenuTests */ = {
			isa = PBXNativeTarget;
			buildConfigurationList = 8954B7B42CAB5C84004AAEC7 /* Build configuration list for PBXNativeTarget "MenuTests" */;
			buildPhases = (
				8954B7992CAB5C84004AAEC7 /* Sources */,
				8954B79A2CAB5C84004AAEC7 /* Frameworks */,
				8954B79B2CAB5C84004AAEC7 /* Resources */,
			);
			buildRules = (
			);
			dependencies = (
				8954B79F2CAB5C84004AAEC7 /* PBXTargetDependency */,
			);
			fileSystemSynchronizedGroups = (
				8954B7A02CAB5C84004AAEC7 /* MenuTests */,
			);
			name = MenuTests;
			packageProductDependencies = (
			);
			productName = MenuTests;
			productReference = 8954B79D2CAB5C84004AAEC7 /* MenuTests.xctest */;
			productType = "com.apple.product-type.bundle.unit-test";
		};
		8954B7A62CAB5C84004AAEC7 /* MenuUITests */ = {
			isa = PBXNativeTarget;
			buildConfigurationList = 8954B7B72CAB5C84004AAEC7 /* Build configuration list for PBXNativeTarget "MenuUITests" */;
			buildPhases = (
				8954B7A32CAB5C84004AAEC7 /* Sources */,
				8954B7A42CAB5C84004AAEC7 /* Frameworks */,
				8954B7A52CAB5C84004AAEC7 /* Resources */,
			);
			buildRules = (
			);
			dependencies = (
				8954B7A92CAB5C84004AAEC7 /* PBXTargetDependency */,
			);
			fileSystemSynchronizedGroups = (
				8954B7AA2CAB5C84004AAEC7 /* MenuUITests */,
			);
			name = MenuUITests;
			packageProductDependencies = (
			);
			productName = MenuUITests;
			productReference = 8954B7A72CAB5C84004AAEC7 /* MenuUITests.xctest */;
			productType = "com.apple.product-type.bundle.ui-testing";
		};
/* End PBXNativeTarget section */

/* Begin PBXProject section */
		8954B7852CAB5C83004AAEC7 /* Project object */ = {
			isa = PBXProject;
			attributes = {
				BuildIndependentTargetsInParallel = 1;
				LastSwiftUpdateCheck = 1600;
				LastUpgradeCheck = 1600;
				TargetAttributes = {
					8954B78C2CAB5C83004AAEC7 = {
						CreatedOnToolsVersion = 16.0;
					};
					8954B79C2CAB5C84004AAEC7 = {
						CreatedOnToolsVersion = 16.0;
						TestTargetID = 8954B78C2CAB5C83004AAEC7;
					};
					8954B7A62CAB5C84004AAEC7 = {
						CreatedOnToolsVersion = 16.0;
						TestTargetID = 8954B78C2CAB5C83004AAEC7;
					};
				};
			};
			buildConfigurationList = 8954B7882CAB5C83004AAEC7 /* Build configuration list for PBXProject "Menu" */;
			developmentRegion = en;
			hasScannedForEncodings = 0;
			knownRegions = (
				en,
				Base,
			);
			mainGroup = 8954B7842CAB5C83004AAEC7;
			minimizedProjectReferenceProxies = 1;
			preferredProjectObjectVersion = 77;
			productRefGroup = 8954B78E2CAB5C83004AAEC7 /* Products */;
			projectDirPath = "";
			projectRoot = "";
			targets = (
				8954B78C2CAB5C83004AAEC7 /* Menu */,
				8954B79C2CAB5C84004AAEC7 /* MenuTests */,
				8954B7A62CAB5C84004AAEC7 /* MenuUITests */,
			);
		};
/* End PBXProject section */

/* Begin PBXResourcesBuildPhase section */
		8954B78B2CAB5C83004AAEC7 /* Resources */ = {
			isa = PBXResourcesBuildPhase;
			buildActionMask = 2147483647;
			files = (
			);
			runOnlyForDeploymentPostprocessing = 0;
		};
		8954B79B2CAB5C84004AAEC7 /* Resources */ = {
			isa = PBXResourcesBuildPhase;
			buildActionMask = 2147483647;
			files = (
			);
			runOnlyForDeploymentPostprocessing = 0;
		};
		8954B7A52CAB5C84004AAEC7 /* Resources */ = {
			isa = PBXResourcesBuildPhase;
			buildActionMask = 2147483647;
			files = (
			);
			runOnlyForDeploymentPostprocessing = 0;
		};
/* End PBXResourcesBuildPhase section */

/* Begin PBXSourcesBuildPhase section */
		8954B7892CAB5C83004AAEC7 /* Sources */ = {
			isa = PBXSourcesBuildPhase;
			buildActionMask = 2147483647;
			files = (
			);
			runOnlyForDeploymentPostprocessing = 0;
		};
		8954B7992CAB5C84004AAEC7 /* Sources */ = {
			isa = PBXSourcesBuildPhase;
			buildActionMask = 2147483647;
			files = (
			);
			runOnlyForDeploymentPostprocessing = 0;
		};
		8954B7A32CAB5C84004AAEC7 /* Sources */ = {
			isa = PBXSourcesBuildPhase;
			buildActionMask = 2147483647;
			files = (
			);
			runOnlyForDeploymentPostprocessing = 0;
		};
/* End PBXSourcesBuildPhase section */

/* Begin PBXTargetDependency section */
		8954B79F2CAB5C84004AAEC7 /* PBXTargetDependency */ = {
			isa = PBXTargetDependency;
			target = 8954B78C2CAB5C83004AAEC7 /* Menu */;
			targetProxy = 8954B79E2CAB5C84004AAEC7 /* PBXContainerItemProxy */;
		};
		8954B7A92CAB5C84004AAEC7 /* PBXTargetDependency */ = {
			isa = PBXTargetDependency;
			target = 8954B78C2CAB5C83004AAEC7 /* Menu */;
			targetProxy = 8954B7A82CAB5C84004AAEC7 /* PBXContainerItemProxy */;
		};
/* End PBXTargetDependency section */

/* Begin XCBuildConfiguration section */
		8954B7AF2CAB5C84004AAEC7 /* Debug */ = {
			isa = XCBuildConfiguration;
			buildSettings = {
				ALWAYS_SEARCH_USER_PATHS = NO;
				ASSETCATALOG_COMPILER_GENERATE_SWIFT_ASSET_SYMBOL_EXTENSIONS = YES;
				CLANG_ANALYZER_NONNULL = YES;
				CLANG_ANALYZER_NUMBER_OBJECT_CONVERSION = YES_AGGRESSIVE;
				CLANG_CXX_LANGUAGE_STANDARD = "gnu++20";
				CLANG_ENABLE_MODULES = YES;
				CLANG_ENABLE_OBJC_ARC = YES;
				CLANG_ENABLE_OBJC_WEAK = YES;
				CLANG_WARN_BLOCK_CAPTURE_AUTORELEASING = YES;
				CLANG_WARN_BOOL_CONVERSION = YES;
				CLANG_WARN_COMMA = YES;
				CLANG_WARN_CONSTANT_CONVERSION = YES;
				CLANG_WARN_DEPRECATED_OBJC_IMPLEMENTATIONS = YES;
				CLANG_WARN_DIRECT_OBJC_ISA_USAGE = YES_ERROR;
				CLANG_WARN_DOCUMENTATION_COMMENTS = YES;
				CLANG_WARN_EMPTY_BODY = YES;
				CLANG_WARN_ENUM_CONVERSION = YES;
				CLANG_WARN_INFINITE_RECURSION = YES;
				CLANG_WARN_INT_CONVERSION = YES;
				CLANG_WARN_NON_LITERAL_NULL_CONVERSION = YES;
				CLANG_WARN_OBJC_IMPLICIT_RETAIN_SELF = YES;
				CLANG_WARN_OBJC_LITERAL_CONVERSION = YES;
				CLANG_WARN_OBJC_ROOT_CLASS = YES_ERROR;
				CLANG_WARN_QUOTED_INCLUDE_IN_FRAMEWORK_HEADER = YES;
				CLANG_WARN_RANGE_LOOP_ANALYSIS = YES;
				CLANG_WARN_STRICT_PROTOTYPES = YES;
				CLANG_WARN_SUSPICIOUS_MOVE = YES;
				CLANG_WARN_UNGUARDED_AVAILABILITY = YES_AGGRESSIVE;
				CLANG_WARN_UNREACHABLE_CODE = YES;
				CLANG_WARN__DUPLICATE_METHOD_MATCH = YES;
				COPY_PHASE_STRIP = NO;
				DEBUG_INFORMATION_FORMAT = dwarf;
				ENABLE_STRICT_OBJC_MSGSEND = YES;
				ENABLE_TESTABILITY = YES;
				ENABLE_USER_SCRIPT_SANDBOXING = YES;
				GCC_C_LANGUAGE_STANDARD = gnu17;
				GCC_DYNAMIC_NO_PIC = NO;
				GCC_NO_COMMON_BLOCKS = YES;
				GCC_OPTIMIZATION_LEVEL = 0;
				GCC_PREPROCESSOR_DEFINITIONS = (
					"DEBUG=1",
					"$(inherited)",
				);
				GCC_WARN_64_TO_32_BIT_CONVERSION = YES;
				GCC_WARN_ABOUT_RETURN_TYPE = YES_ERROR;
				GCC_WARN_UNDECLARED_SELECTOR = YES;
				GCC_WARN_UNINITIALIZED_AUTOS = YES_AGGRESSIVE;
				GCC_WARN_UNUSED_FUNCTION = YES;
				GCC_WARN_UNUSED_VARIABLE = YES;
				IPHONEOS_DEPLOYMENT_TARGET = 18.0;
				LOCALIZATION_PREFERS_STRING_CATALOGS = YES;
				MTL_ENABLE_DEBUG_INFO = INCLUDE_SOURCE;
				MTL_FAST_MATH = YES;
				ONLY_ACTIVE_ARCH = YES;
				SDKROOT = iphoneos;
				SWIFT_ACTIVE_COMPILATION_CONDITIONS = "DEBUG $(inherited)";
				SWIFT_OPTIMIZATION_LEVEL = "-Onone";
			};
			name = Debug;
		};
		8954B7B02CAB5C84004AAEC7 /* Release */ = {
			isa = XCBuildConfiguration;
			buildSettings = {
				ALWAYS_SEARCH_USER_PATHS = NO;
				ASSETCATALOG_COMPILER_GENERATE_SWIFT_ASSET_SYMBOL_EXTENSIONS = YES;
				CLANG_ANALYZER_NONNULL = YES;
				CLANG_ANALYZER_NUMBER_OBJECT_CONVERSION = YES_AGGRESSIVE;
				CLANG_CXX_LANGUAGE_STANDARD = "gnu++20";
				CLANG_ENABLE_MODULES = YES;
				CLANG_ENABLE_OBJC_ARC = YES;
				CLANG_ENABLE_OBJC_WEAK = YES;
				CLANG_WARN_BLOCK_CAPTURE_AUTORELEASING = YES;
				CLANG_WARN_BOOL_CONVERSION = YES;
				CLANG_WARN_COMMA = YES;
				CLANG_WARN_CONSTANT_CONVERSION = YES;
				CLANG_WARN_DEPRECATED_OBJC_IMPLEMENTATIONS = YES;
				CLANG_WARN_DIRECT_OBJC_ISA_USAGE = YES_ERROR;
				CLANG_WARN_DOCUMENTATION_COMMENTS = YES;
				CLANG_WARN_EMPTY_BODY = YES;
				CLANG_WARN_ENUM_CONVERSION = YES;
				CLANG_WARN_INFINITE_RECURSION = YES;
				CLANG_WARN_INT_CONVERSION = YES;
				CLANG_WARN_NON_LITERAL_NULL_CONVERSION = YES;
				CLANG_WARN_OBJC_IMPLICIT_RETAIN_SELF = YES;
				CLANG_WARN_OBJC_LITERAL_CONVERSION = YES;
				CLANG_WARN_OBJC_ROOT_CLASS = YES_ERROR;
				CLANG_WARN_QUOTED_INCLUDE_IN_FRAMEWORK_HEADER = YES;
				CLANG_WARN_RANGE_LOOP_ANALYSIS = YES;
				CLANG_WARN_STRICT_PROTOTYPES = YES;
				CLANG_WARN_SUSPICIOUS_MOVE = YES;
				CLANG_WARN_UNGUARDED_AVAILABILITY = YES_AGGRESSIVE;
				CLANG_WARN_UNREACHABLE_CODE = YES;
				CLANG_WARN__DUPLICATE_METHOD_MATCH = YES;
				COPY_PHASE_STRIP = NO;
				DEBUG_INFORMATION_FORMAT = "dwarf-with-dsym";
				ENABLE_NS_ASSERTIONS = NO;
				ENABLE_STRICT_OBJC_MSGSEND = YES;
				ENABLE_USER_SCRIPT_SANDBOXING = YES;
				GCC_C_LANGUAGE_STANDARD = gnu17;
				GCC_NO_COMMON_BLOCKS = YES;
				GCC_WARN_64_TO_32_BIT_CONVERSION = YES;
				GCC_WARN_ABOUT_RETURN_TYPE = YES_ERROR;
				GCC_WARN_UNDECLARED_SELECTOR = YES;
				GCC_WARN_UNINITIALIZED_AUTOS = YES_AGGRESSIVE;
				GCC_WARN_UNUSED_FUNCTION = YES;
				GCC_WARN_UNUSED_VARIABLE = YES;
				IPHONEOS_DEPLOYMENT_TARGET = 18.0;
				LOCALIZATION_PREFERS_STRING_CATALOGS = YES;
				MTL_ENABLE_DEBUG_INFO = NO;
				MTL_FAST_MATH = YES;
				SDKROOT = iphoneos;
				SWIFT_COMPILATION_MODE = wholemodule;
				VALIDATE_PRODUCT = YES;
			};
			name = Release;
		};
		8954B7B22CAB5C84004AAEC7 /* Debug */ = {
			isa = XCBuildConfiguration;
			buildSettings = {
				ASSETCATALOG_COMPILER_APPICON_NAME = AppIcon;
				ASSETCATALOG_COMPILER_GLOBAL_ACCENT_COLOR_NAME = AccentColor;
				CODE_SIGN_STYLE = Automatic;
				CURRENT_PROJECT_VERSION = 1;
				DEVELOPMENT_ASSET_PATHS = "\"Menu/Preview Content\"";
				ENABLE_PREVIEWS = YES;
				GENERATE_INFOPLIST_FILE = YES;
				INFOPLIST_KEY_UIApplicationSceneManifest_Generation = YES;
				INFOPLIST_KEY_UIApplicationSupportsIndirectInputEvents = YES;
				INFOPLIST_KEY_UILaunchScreen_Generation = YES;
				INFOPLIST_KEY_UISupportedInterfaceOrientations_iPad = "UIInterfaceOrientationPortrait UIInterfaceOrientationPortraitUpsideDown UIInterfaceOrientationLandscapeLeft UIInterfaceOrientationLandscapeRight";
				INFOPLIST_KEY_UISupportedInterfaceOrientations_iPhone = "UIInterfaceOrientationPortrait UIInterfaceOrientationLandscapeLeft UIInterfaceOrientationLandscapeRight";
				LD_RUNPATH_SEARCH_PATHS = (
					"$(inherited)",
					"@executable_path/Frameworks",
				);
				MARKETING_VERSION = 1.0;
				PRODUCT_BUNDLE_IDENTIFIER = com.sarath.Menu;
				PRODUCT_NAME = "$(TARGET_NAME)";
				SWIFT_EMIT_LOC_STRINGS = YES;
				SWIFT_VERSION = 5.0;
				TARGETED_DEVICE_FAMILY = "1,2";
			};
			name = Debug;
		};
		8954B7B32CAB5C84004AAEC7 /* Release */ = {
			isa = XCBuildConfiguration;
			buildSettings = {
				ASSETCATALOG_COMPILER_APPICON_NAME = AppIcon;
				ASSETCATALOG_COMPILER_GLOBAL_ACCENT_COLOR_NAME = AccentColor;
				CODE_SIGN_STYLE = Automatic;
				CURRENT_PROJECT_VERSION = 1;
				DEVELOPMENT_ASSET_PATHS = "\"Menu/Preview Content\"";
				ENABLE_PREVIEWS = YES;
				GENERATE_INFOPLIST_FILE = YES;
				INFOPLIST_KEY_UIApplicationSceneManifest_Generation = YES;
				INFOPLIST_KEY_UIApplicationSupportsIndirectInputEvents = YES;
				INFOPLIST_KEY_UILaunchScreen_Generation = YES;
				INFOPLIST_KEY_UISupportedInterfaceOrientations_iPad = "UIInterfaceOrientationPortrait UIInterfaceOrientationPortraitUpsideDown UIInterfaceOrientationLandscapeLeft UIInterfaceOrientationLandscapeRight";
				INFOPLIST_KEY_UISupportedInterfaceOrientations_iPhone = "UIInterfaceOrientationPortrait UIInterfaceOrientationLandscapeLeft UIInterfaceOrientationLandscapeRight";
				LD_RUNPATH_SEARCH_PATHS = (
					"$(inherited)",
					"@executable_path/Frameworks",
				);
				MARKETING_VERSION = 1.0;
				PRODUCT_BUNDLE_IDENTIFIER = com.sarath.Menu;
				PRODUCT_NAME = "$(TARGET_NAME)";
				SWIFT_EMIT_LOC_STRINGS = YES;
				SWIFT_VERSION = 5.0;
				TARGETED_DEVICE_FAMILY = "1,2";
			};
			name = Release;
		};
		8954B7B52CAB5C84004AAEC7 /* Debug */ = {
			isa = XCBuildConfiguration;
			buildSettings = {
				BUNDLE_LOADER = "$(TEST_HOST)";
				CODE_SIGN_STYLE = Automatic;
				CURRENT_PROJECT_VERSION = 1;
				GENERATE_INFOPLIST_FILE = YES;
				IPHONEOS_DEPLOYMENT_TARGET = 18.0;
				MARKETING_VERSION = 1.0;
				PRODUCT_BUNDLE_IDENTIFIER = com.sarath.MenuTests;
				PRODUCT_NAME = "$(TARGET_NAME)";
				SWIFT_EMIT_LOC_STRINGS = NO;
				SWIFT_VERSION = 5.0;
				TARGETED_DEVICE_FAMILY = "1,2";
				TEST_HOST = "$(BUILT_PRODUCTS_DIR)/Menu.app/$(BUNDLE_EXECUTABLE_FOLDER_PATH)/Menu";
			};
			name = Debug;
		};
		8954B7B62CAB5C84004AAEC7 /* Release */ = {
			isa = XCBuildConfiguration;
			buildSettings = {
				BUNDLE_LOADER = "$(TEST_HOST)";
				CODE_SIGN_STYLE = Automatic;
				CURRENT_PROJECT_VERSION = 1;
				GENERATE_INFOPLIST_FILE = YES;
				IPHONEOS_DEPLOYMENT_TARGET = 18.0;
				MARKETING_VERSION = 1.0;
				PRODUCT_BUNDLE_IDENTIFIER = com.sarath.MenuTests;
				PRODUCT_NAME = "$(TARGET_NAME)";
				SWIFT_EMIT_LOC_STRINGS = NO;
				SWIFT_VERSION = 5.0;
				TARGETED_DEVICE_FAMILY = "1,2";
				TEST_HOST = "$(BUILT_PRODUCTS_DIR)/Menu.app/$(BUNDLE_EXECUTABLE_FOLDER_PATH)/Menu";
			};
			name = Release;
		};
		8954B7B82CAB5C84004AAEC7 /* Debug */ = {
			isa = XCBuildConfiguration;
			buildSettings = {
				CODE_SIGN_STYLE = Automatic;
				CURRENT_PROJECT_VERSION = 1;
				GENERATE_INFOPLIST_FILE = YES;
				MARKETING_VERSION = 1.0;
				PRODUCT_BUNDLE_IDENTIFIER = com.sarath.MenuUITests;
				PRODUCT_NAME = "$(TARGET_NAME)";
				SWIFT_EMIT_LOC_STRINGS = NO;
				SWIFT_VERSION = 5.0;
				TARGETED_DEVICE_FAMILY = "1,2";
				TEST_TARGET_NAME = Menu;
			};
			name = Debug;
		};
		8954B7B92CAB5C84004AAEC7 /* Release */ = {
			isa = XCBuildConfiguration;
			buildSettings = {
				CODE_SIGN_STYLE = Automatic;
				CURRENT_PROJECT_VERSION = 1;
				GENERATE_INFOPLIST_FILE = YES;
				MARKETING_VERSION = 1.0;
				PRODUCT_BUNDLE_IDENTIFIER = com.sarath.MenuUITests;
				PRODUCT_NAME = "$(TARGET_NAME)";
				SWIFT_EMIT_LOC_STRINGS = NO;
				SWIFT_VERSION = 5.0;
				TARGETED_DEVICE_FAMILY = "1,2";
				TEST_TARGET_NAME = Menu;
			};
			name = Release;
		};
/* End XCBuildConfiguration section */

/* Begin XCConfigurationList section */
		8954B7882CAB5C83004AAEC7 /* Build configuration list for PBXProject "Menu" */ = {
			isa = XCConfigurationList;
			buildConfigurations = (
				8954B7AF2CAB5C84004AAEC7 /* Debug */,
				8954B7B02CAB5C84004AAEC7 /* Release */,
			);
			defaultConfigurationIsVisible = 0;
			defaultConfigurationName = Release;
		};
		8954B7B12CAB5C84004AAEC7 /* Build configuration list for PBXNativeTarget "Menu" */ = {
			isa = XCConfigurationList;
			buildConfigurations = (
				8954B7B22CAB5C84004AAEC7 /* Debug */,
				8954B7B32CAB5C84004AAEC7 /* Release */,
			);
			defaultConfigurationIsVisible = 0;
			defaultConfigurationName = Release;
		};
		8954B7B42CAB5C84004AAEC7 /* Build configuration list for PBXNativeTarget "MenuTests" */ = {
			isa = XCConfigurationList;
			buildConfigurations = (
				8954B7B52CAB5C84004AAEC7 /* Debug */,
				8954B7B62CAB5C84004AAEC7 /* Release */,
			);
			defaultConfigurationIsVisible = 0;
			defaultConfigurationName = Release;
		};
		8954B7B72CAB5C84004AAEC7 /* Build configuration list for PBXNativeTarget "MenuUITests" */ = {
			isa = XCConfigurationList;
			buildConfigurations = (
				8954B7B82CAB5C84004AAEC7 /* Debug */,
				8954B7B92CAB5C84004AAEC7 /* Release */,
			);
			defaultConfigurationIsVisible = 0;
			defaultConfigurationName = Release;
		};
/* End XCConfigurationList section */
	};
	rootObject = 8954B7852CAB5C83004AAEC7 /* Project object */;
}
